// !$*UTF8*$!
{
	archiveVersion = 1;
	classes = {
	};
	objectVersion = 50;
	objects = {

/* Begin PBXBuildFile section */
		591114292381A72000EC8EFC /* AppDelegate.swift in Sources */ = {isa = PBXBuildFile; fileRef = 591114282381A72000EC8EFC /* AppDelegate.swift */; };
		5911142B2381A72000EC8EFC /* SceneDelegate.swift in Sources */ = {isa = PBXBuildFile; fileRef = 5911142A2381A72000EC8EFC /* SceneDelegate.swift */; };
		5911142D2381A72000EC8EFC /* ContentView.swift in Sources */ = {isa = PBXBuildFile; fileRef = 5911142C2381A72000EC8EFC /* ContentView.swift */; };
		5911142F2381A72400EC8EFC /* Assets.xcassets in Resources */ = {isa = PBXBuildFile; fileRef = 5911142E2381A72400EC8EFC /* Assets.xcassets */; };
		591114322381A72400EC8EFC /* Preview Assets.xcassets in Resources */ = {isa = PBXBuildFile; fileRef = 591114312381A72400EC8EFC /* Preview Assets.xcassets */; };
		591114352381A72400EC8EFC /* LaunchScreen.storyboard in Resources */ = {isa = PBXBuildFile; fileRef = 591114332381A72400EC8EFC /* LaunchScreen.storyboard */; };
		5911143E2381A9C200EC8EFC /* Professors.json in Resources */ = {isa = PBXBuildFile; fileRef = 5911143D2381A9C200EC8EFC /* Professors.json */; };
		591114412381AD0500EC8EFC /* ProfessorList.swift in Sources */ = {isa = PBXBuildFile; fileRef = 591114402381AD0500EC8EFC /* ProfessorList.swift */; };
		591114432381AD2200EC8EFC /* ProfessorRow.swift in Sources */ = {isa = PBXBuildFile; fileRef = 591114422381AD2200EC8EFC /* ProfessorRow.swift */; };
		591114462381AD9200EC8EFC /* Professor.swift in Sources */ = {isa = PBXBuildFile; fileRef = 591114452381AD9200EC8EFC /* Professor.swift */; };
		591114482381AFF800EC8EFC /* JSONLoader.swift in Sources */ = {isa = PBXBuildFile; fileRef = 591114472381AFF800EC8EFC /* JSONLoader.swift */; };
/* End PBXBuildFile section */

/* Begin PBXFileReference section */
		591114252381A72000EC8EFC /* ElizabethtownDemo.app */ = {isa = PBXFileReference; explicitFileType = wrapper.application; includeInIndex = 0; path = ElizabethtownDemo.app; sourceTree = BUILT_PRODUCTS_DIR; };
		591114282381A72000EC8EFC /* AppDelegate.swift */ = {isa = PBXFileReference; lastKnownFileType = sourcecode.swift; path = AppDelegate.swift; sourceTree = "<group>"; };
		5911142A2381A72000EC8EFC /* SceneDelegate.swift */ = {isa = PBXFileReference; lastKnownFileType = sourcecode.swift; path = SceneDelegate.swift; sourceTree = "<group>"; };
		5911142C2381A72000EC8EFC /* ContentView.swift */ = {isa = PBXFileReference; lastKnownFileType = sourcecode.swift; path = ContentView.swift; sourceTree = "<group>"; };
		5911142E2381A72400EC8EFC /* Assets.xcassets */ = {isa = PBXFileReference; lastKnownFileType = folder.assetcatalog; path = Assets.xcassets; sourceTree = "<group>"; };
		591114312381A72400EC8EFC /* Preview Assets.xcassets */ = {isa = PBXFileReference; lastKnownFileType = folder.assetcatalog; path = "Preview Assets.xcassets"; sourceTree = "<group>"; };
		591114342381A72400EC8EFC /* Base */ = {isa = PBXFileReference; lastKnownFileType = file.storyboard; name = Base; path = Base.lproj/LaunchScreen.storyboard; sourceTree = "<group>"; };
		591114362381A72400EC8EFC /* Info.plist */ = {isa = PBXFileReference; lastKnownFileType = text.plist.xml; path = Info.plist; sourceTree = "<group>"; };
		5911143D2381A9C200EC8EFC /* Professors.json */ = {isa = PBXFileReference; lastKnownFileType = text.json; path = Professors.json; sourceTree = "<group>"; };
		591114402381AD0500EC8EFC /* ProfessorList.swift */ = {isa = PBXFileReference; lastKnownFileType = sourcecode.swift; path = ProfessorList.swift; sourceTree = "<group>"; };
		591114422381AD2200EC8EFC /* ProfessorRow.swift */ = {isa = PBXFileReference; lastKnownFileType = sourcecode.swift; path = ProfessorRow.swift; sourceTree = "<group>"; };
		591114452381AD9200EC8EFC /* Professor.swift */ = {isa = PBXFileReference; lastKnownFileType = sourcecode.swift; path = Professor.swift; sourceTree = "<group>"; };
		591114472381AFF800EC8EFC /* JSONLoader.swift */ = {isa = PBXFileReference; lastKnownFileType = sourcecode.swift; path = JSONLoader.swift; sourceTree = "<group>"; };
/* End PBXFileReference section */

/* Begin PBXFrameworksBuildPhase section */
		591114222381A72000EC8EFC /* Frameworks */ = {
			isa = PBXFrameworksBuildPhase;
			buildActionMask = 2147483647;
			files = (
			);
			runOnlyForDeploymentPostprocessing = 0;
		};
/* End PBXFrameworksBuildPhase section */

/* Begin PBXGroup section */
		5911141C2381A72000EC8EFC = {
			isa = PBXGroup;
			children = (
				591114272381A72000EC8EFC /* ElizabethtownDemo */,
				591114262381A72000EC8EFC /* Products */,
			);
			sourceTree = "<group>";
		};
		591114262381A72000EC8EFC /* Products */ = {
			isa = PBXGroup;
			children = (
				591114252381A72000EC8EFC /* ElizabethtownDemo.app */,
			);
			name = Products;
			sourceTree = "<group>";
		};
		591114272381A72000EC8EFC /* ElizabethtownDemo */ = {
			isa = PBXGroup;
			children = (
				591114282381A72000EC8EFC /* AppDelegate.swift */,
				5911142E2381A72400EC8EFC /* Assets.xcassets */,
				591114442381AD8400EC8EFC /* Data */,
				591114362381A72400EC8EFC /* Info.plist */,
				591114332381A72400EC8EFC /* LaunchScreen.storyboard */,
				591114302381A72400EC8EFC /* Preview Content */,
				5911143C2381A99F00EC8EFC /* Resources */,
				5911142A2381A72000EC8EFC /* SceneDelegate.swift */,
				5911143F2381ACED00EC8EFC /* Views */,
			);
			path = ElizabethtownDemo;
			sourceTree = "<group>";
		};
		591114302381A72400EC8EFC /* Preview Content */ = {
			isa = PBXGroup;
			children = (
				591114312381A72400EC8EFC /* Preview Assets.xcassets */,
			);
			path = "Preview Content";
			sourceTree = "<group>";
		};
		5911143C2381A99F00EC8EFC /* Resources */ = {
			isa = PBXGroup;
			children = (
				5911143D2381A9C200EC8EFC /* Professors.json */,
			);
			path = Resources;
			sourceTree = "<group>";
		};
		5911143F2381ACED00EC8EFC /* Views */ = {
			isa = PBXGroup;
			children = (
				5911142C2381A72000EC8EFC /* ContentView.swift */,
				591114402381AD0500EC8EFC /* ProfessorList.swift */,
				591114422381AD2200EC8EFC /* ProfessorRow.swift */,
			);
			path = Views;
			sourceTree = "<group>";
		};
		591114442381AD8400EC8EFC /* Data */ = {
			isa = PBXGroup;
			children = (
				591114472381AFF800EC8EFC /* JSONLoader.swift */,
				591114452381AD9200EC8EFC /* Professor.swift */,
			);
			path = Data;
			sourceTree = "<group>";
		};
/* End PBXGroup section */

/* Begin PBXNativeTarget section */
		591114242381A72000EC8EFC /* ElizabethtownDemo */ = {
			isa = PBXNativeTarget;
			buildConfigurationList = 591114392381A72400EC8EFC /* Build configuration list for PBXNativeTarget "ElizabethtownDemo" */;
			buildPhases = (
				591114212381A72000EC8EFC /* Sources */,
				591114222381A72000EC8EFC /* Frameworks */,
				591114232381A72000EC8EFC /* Resources */,
			);
			buildRules = (
			);
			dependencies = (
			);
			name = ElizabethtownDemo;
			productName = ElizabethtownDemo;
			productReference = 591114252381A72000EC8EFC /* ElizabethtownDemo.app */;
			productType = "com.apple.product-type.application";
		};
/* End PBXNativeTarget section */

/* Begin PBXProject section */
		5911141D2381A72000EC8EFC /* Project object */ = {
			isa = PBXProject;
			attributes = {
				LastSwiftUpdateCheck = 1120;
				LastUpgradeCheck = 1120;
				ORGANIZATIONNAME = "Ben Johnson";
				TargetAttributes = {
					591114242381A72000EC8EFC = {
						CreatedOnToolsVersion = 11.2.1;
					};
				};
			};
			buildConfigurationList = 591114202381A72000EC8EFC /* Build configuration list for PBXProject "ElizabethtownDemo" */;
			compatibilityVersion = "Xcode 9.3";
			developmentRegion = en;
			hasScannedForEncodings = 0;
			knownRegions = (
				en,
				Base,
			);
			mainGroup = 5911141C2381A72000EC8EFC;
			productRefGroup = 591114262381A72000EC8EFC /* Products */;
			projectDirPath = "";
			projectRoot = "";
			targets = (
				591114242381A72000EC8EFC /* ElizabethtownDemo */,
			);
		};
/* End PBXProject section */

/* Begin PBXResourcesBuildPhase section */
		591114232381A72000EC8EFC /* Resources */ = {
			isa = PBXResourcesBuildPhase;
			buildActionMask = 2147483647;
			files = (
				5911143E2381A9C200EC8EFC /* Professors.json in Resources */,
				591114352381A72400EC8EFC /* LaunchScreen.storyboard in Resources */,
				591114322381A72400EC8EFC /* Preview Assets.xcassets in Resources */,
				5911142F2381A72400EC8EFC /* Assets.xcassets in Resources */,
			);
			runOnlyForDeploymentPostprocessing = 0;
		};
/* End PBXResourcesBuildPhase section */

/* Begin PBXSourcesBuildPhase section */
		591114212381A72000EC8EFC /* Sources */ = {
			isa = PBXSourcesBuildPhase;
			buildActionMask = 2147483647;
			files = (
				591114292381A72000EC8EFC /* AppDelegate.swift in Sources */,
				591114462381AD9200EC8EFC /* Professor.swift in Sources */,
				591114482381AFF800EC8EFC /* JSONLoader.swift in Sources */,
				591114412381AD0500EC8EFC /* ProfessorList.swift in Sources */,
				5911142B2381A72000EC8EFC /* SceneDelegate.swift in Sources */,
				5911142D2381A72000EC8EFC /* ContentView.swift in Sources */,
				591114432381AD2200EC8EFC /* ProfessorRow.swift in Sources */,
			);
			runOnlyForDeploymentPostprocessing = 0;
		};
/* End PBXSourcesBuildPhase section */

/* Begin PBXVariantGroup section */
		591114332381A72400EC8EFC /* LaunchScreen.storyboard */ = {
			isa = PBXVariantGroup;
			children = (
				591114342381A72400EC8EFC /* Base */,
			);
			name = LaunchScreen.storyboard;
			sourceTree = "<group>";
		};
/* End PBXVariantGroup section */

/* Begin XCBuildConfiguration section */
		591114372381A72400EC8EFC /* Debug */ = {
			isa = XCBuildConfiguration;
			buildSettings = {
				ALWAYS_SEARCH_USER_PATHS = NO;
				CLANG_ANALYZER_NONNULL = YES;
				CLANG_ANALYZER_NUMBER_OBJECT_CONVERSION = YES_AGGRESSIVE;
				CLANG_CXX_LANGUAGE_STANDARD = "gnu++14";
				CLANG_CXX_LIBRARY = "libc++";
				CLANG_ENABLE_MODULES = YES;
				CLANG_ENABLE_OBJC_ARC = YES;
				CLANG_ENABLE_OBJC_WEAK = YES;
				CLANG_WARN_BLOCK_CAPTURE_AUTORELEASING = YES;
				CLANG_WARN_BOOL_CONVERSION = YES;
				CLANG_WARN_COMMA = YES;
				CLANG_WARN_CONSTANT_CONVERSION = YES;
				CLANG_WARN_DEPRECATED_OBJC_IMPLEMENTATIONS = YES;
				CLANG_WARN_DIRECT_OBJC_ISA_USAGE = YES_ERROR;
				CLANG_WARN_DOCUMENTATION_COMMENTS = YES;
				CLANG_WARN_EMPTY_BODY = YES;
				CLANG_WARN_ENUM_CONVERSION = YES;
				CLANG_WARN_INFINITE_RECURSION = YES;
				CLANG_WARN_INT_CONVERSION = YES;
				CLANG_WARN_NON_LITERAL_NULL_CONVERSION = YES;
				CLANG_WARN_OBJC_IMPLICIT_RETAIN_SELF = YES;
				CLANG_WARN_OBJC_LITERAL_CONVERSION = YES;
				CLANG_WARN_OBJC_ROOT_CLASS = YES_ERROR;
				CLANG_WARN_RANGE_LOOP_ANALYSIS = YES;
				CLANG_WARN_STRICT_PROTOTYPES = YES;
				CLANG_WARN_SUSPICIOUS_MOVE = YES;
				CLANG_WARN_UNGUARDED_AVAILABILITY = YES_AGGRESSIVE;
				CLANG_WARN_UNREACHABLE_CODE = YES;
				CLANG_WARN__DUPLICATE_METHOD_MATCH = YES;
				COPY_PHASE_STRIP = NO;
				DEBUG_INFORMATION_FORMAT = dwarf;
				ENABLE_STRICT_OBJC_MSGSEND = YES;
				ENABLE_TESTABILITY = YES;
				GCC_C_LANGUAGE_STANDARD = gnu11;
				GCC_DYNAMIC_NO_PIC = NO;
				GCC_NO_COMMON_BLOCKS = YES;
				GCC_OPTIMIZATION_LEVEL = 0;
				GCC_PREPROCESSOR_DEFINITIONS = (
					"DEBUG=1",
					"$(inherited)",
				);
				GCC_WARN_64_TO_32_BIT_CONVERSION = YES;
				GCC_WARN_ABOUT_RETURN_TYPE = YES_ERROR;
				GCC_WARN_UNDECLARED_SELECTOR = YES;
				GCC_WARN_UNINITIALIZED_AUTOS = YES_AGGRESSIVE;
				GCC_WARN_UNUSED_FUNCTION = YES;
				GCC_WARN_UNUSED_VARIABLE = YES;
				IPHONEOS_DEPLOYMENT_TARGET = 13.2;
				MTL_ENABLE_DEBUG_INFO = INCLUDE_SOURCE;
				MTL_FAST_MATH = YES;
				ONLY_ACTIVE_ARCH = YES;
				SDKROOT = iphoneos;
				SWIFT_ACTIVE_COMPILATION_CONDITIONS = DEBUG;
				SWIFT_OPTIMIZATION_LEVEL = "-Onone";
			};
			name = Debug;
		};
		591114382381A72400EC8EFC /* Release */ = {
			isa = XCBuildConfiguration;
			buildSettings = {
				ALWAYS_SEARCH_USER_PATHS = NO;
				CLANG_ANALYZER_NONNULL = YES;
				CLANG_ANALYZER_NUMBER_OBJECT_CONVERSION = YES_AGGRESSIVE;
				CLANG_CXX_LANGUAGE_STANDARD = "gnu++14";
				CLANG_CXX_LIBRARY = "libc++";
				CLANG_ENABLE_MODULES = YES;
				CLANG_ENABLE_OBJC_ARC = YES;
				CLANG_ENABLE_OBJC_WEAK = YES;
				CLANG_WARN_BLOCK_CAPTURE_AUTORELEASING = YES;
				CLANG_WARN_BOOL_CONVERSION = YES;
				CLANG_WARN_COMMA = YES;
				CLANG_WARN_CONSTANT_CONVERSION = YES;
				CLANG_WARN_DEPRECATED_OBJC_IMPLEMENTATIONS = YES;
				CLANG_WARN_DIRECT_OBJC_ISA_USAGE = YES_ERROR;
				CLANG_WARN_DOCUMENTATION_COMMENTS = YES;
				CLANG_WARN_EMPTY_BODY = YES;
				CLANG_WARN_ENUM_CONVERSION = YES;
				CLANG_WARN_INFINITE_RECURSION = YES;
				CLANG_WARN_INT_CONVERSION = YES;
				CLANG_WARN_NON_LITERAL_NULL_CONVERSION = YES;
				CLANG_WARN_OBJC_IMPLICIT_RETAIN_SELF = YES;
				CLANG_WARN_OBJC_LITERAL_CONVERSION = YES;
				CLANG_WARN_OBJC_ROOT_CLASS = YES_ERROR;
				CLANG_WARN_RANGE_LOOP_ANALYSIS = YES;
				CLANG_WARN_STRICT_PROTOTYPES = YES;
				CLANG_WARN_SUSPICIOUS_MOVE = YES;
				CLANG_WARN_UNGUARDED_AVAILABILITY = YES_AGGRESSIVE;
				CLANG_WARN_UNREACHABLE_CODE = YES;
				CLANG_WARN__DUPLICATE_METHOD_MATCH = YES;
				COPY_PHASE_STRIP = NO;
				DEBUG_INFORMATION_FORMAT = "dwarf-with-dsym";
				ENABLE_NS_ASSERTIONS = NO;
				ENABLE_STRICT_OBJC_MSGSEND = YES;
				GCC_C_LANGUAGE_STANDARD = gnu11;
				GCC_NO_COMMON_BLOCKS = YES;
				GCC_WARN_64_TO_32_BIT_CONVERSION = YES;
				GCC_WARN_ABOUT_RETURN_TYPE = YES_ERROR;
				GCC_WARN_UNDECLARED_SELECTOR = YES;
				GCC_WARN_UNINITIALIZED_AUTOS = YES_AGGRESSIVE;
				GCC_WARN_UNUSED_FUNCTION = YES;
				GCC_WARN_UNUSED_VARIABLE = YES;
				IPHONEOS_DEPLOYMENT_TARGET = 13.2;
				MTL_ENABLE_DEBUG_INFO = NO;
				MTL_FAST_MATH = YES;
				SDKROOT = iphoneos;
				SWIFT_COMPILATION_MODE = wholemodule;
				SWIFT_OPTIMIZATION_LEVEL = "-O";
				VALIDATE_PRODUCT = YES;
			};
			name = Release;
		};
		5911143A2381A72400EC8EFC /* Debug */ = {
			isa = XCBuildConfiguration;
			buildSettings = {
				ASSETCATALOG_COMPILER_APPICON_NAME = AppIcon;
				CODE_SIGN_STYLE = Automatic;
				DEVELOPMENT_ASSET_PATHS = "\"ElizabethtownDemo/Preview Content\"";
				ENABLE_PREVIEWS = YES;
				INFOPLIST_FILE = ElizabethtownDemo/Info.plist;
				LD_RUNPATH_SEARCH_PATHS = (
					"$(inherited)",
					"@executable_path/Frameworks",
				);
				PRODUCT_BUNDLE_IDENTIFIER = com.benrobjoh.ElizabethtownDemo;
				PRODUCT_NAME = "$(TARGET_NAME)";
				SWIFT_VERSION = 5.0;
				TARGETED_DEVICE_FAMILY = "1,2";
			};
			name = Debug;
		};
		5911143B2381A72400EC8EFC /* Release */ = {
			isa = XCBuildConfiguration;
			buildSettings = {
				ASSETCATALOG_COMPILER_APPICON_NAME = AppIcon;
				CODE_SIGN_STYLE = Automatic;
				DEVELOPMENT_ASSET_PATHS = "\"ElizabethtownDemo/Preview Content\"";
				ENABLE_PREVIEWS = YES;
				INFOPLIST_FILE = ElizabethtownDemo/Info.plist;
				LD_RUNPATH_SEARCH_PATHS = (
					"$(inherited)",
					"@executable_path/Frameworks",
				);
				PRODUCT_BUNDLE_IDENTIFIER = com.benrobjoh.ElizabethtownDemo;
				PRODUCT_NAME = "$(TARGET_NAME)";
				SWIFT_VERSION = 5.0;
				TARGETED_DEVICE_FAMILY = "1,2";
			};
			name = Release;
		};
/* End XCBuildConfiguration section */

/* Begin XCConfigurationList section */
		591114202381A72000EC8EFC /* Build configuration list for PBXProject "ElizabethtownDemo" */ = {
			isa = XCConfigurationList;
			buildConfigurations = (
				591114372381A72400EC8EFC /* Debug */,
				591114382381A72400EC8EFC /* Release */,
			);
			defaultConfigurationIsVisible = 0;
			defaultConfigurationName = Release;
		};
		591114392381A72400EC8EFC /* Build configuration list for PBXNativeTarget "ElizabethtownDemo" */ = {
			isa = XCConfigurationList;
			buildConfigurations = (
				5911143A2381A72400EC8EFC /* Debug */,
				5911143B2381A72400EC8EFC /* Release */,
			);
			defaultConfigurationIsVisible = 0;
			defaultConfigurationName = Release;
		};
/* End XCConfigurationList section */
	};
	rootObject = 5911141D2381A72000EC8EFC /* Project object */;
}
